
Microsoft Visual Studio Solution File, Format Version 12.00
# Visual Studio Version 17
VisualStudioVersion = 17.1.32421.90
MinimumVisualStudioVersion = 10.0.40219.1
Project("{9A19103F-16F7-4668-BE54-9A1E7A4F7556}") = "Trailblazor.Server", "src\Server\Trailblazor.Server.csproj", "{D3A374E8-B247-48EB-BC65-FE2B59ACDDE7}"
EndProject
Project("{9A19103F-16F7-4668-BE54-9A1E7A4F7556}") = "Trailblazor.Client", "src\Client\Trailblazor.Client.csproj", "{9696BB36-6F34-46B9-AEC4-6E1D683A0189}"
EndProject
Project("{9A19103F-16F7-4668-BE54-9A1E7A4F7556}") = "Trailblazor.Shared", "src\Shared\Trailblazor.Shared.csproj", "{DCEA3D3C-945A-4115-BBEC-36DF1CD1782B}"
EndProject
Project("{2150E333-8FDC-42A3-9474-1A3956D46DE8}") = "Solution Items", "Solution Items", "{FA50CE9D-8C8B-46A0-BC64-99706B189F34}"
	ProjectSection(SolutionItems) = preProject
		.gitignore = .gitignore
		.github\workflows\dotnet-ci.yml = .github\workflows\dotnet-ci.yml
		README.md = README.md
	EndProjectSection
EndProject
Project("{9A19103F-16F7-4668-BE54-9A1E7A4F7556}") = "Trailblazor.Server.Tests", "test\Trialblazor.Server.Tests\Trailblazor.Server.Tests.csproj", "{DE01034B-0D5C-4CDB-9236-2614B26D2E31}"
EndProject
Project("{9A19103F-16F7-4668-BE54-9A1E7A4F7556}") = "Trailblazor.Client.Tests", "test\Trailblazor.Client.Tests\Trailblazor.Client.Tests.csproj", "{29BA5275-251F-470C-A5BC-35DCDB6F0ACD}"
EndProject
Project("{9A19103F-16F7-4668-BE54-9A1E7A4F7556}") = "Trailblazor.Domain", "src\Domain\Trailblazor.Domain.csproj", "{9AC7EDC7-7A2F-4720-A9C3-1099EC51E346}"
EndProject
Project("{9A19103F-16F7-4668-BE54-9A1E7A4F7556}") = "Trailblazor.Infrastructure", "src\Infrastructure\Trailblazor.Infrastructure.csproj", "{AAB7C958-5B40-434A-8A9D-52178C18E243}"
EndProject
Project("{9A19103F-16F7-4668-BE54-9A1E7A4F7556}") = "Trailblazor.Shared.Tests", "test\Trailblazor.Shared.Tests\Trailblazor.Shared.Tests.csproj", "{FDB06D29-50EF-4C7C-93C1-67B164004DC6}"
EndProject
Global
	GlobalSection(SolutionConfigurationPlatforms) = preSolution
		Debug|Any CPU = Debug|Any CPU
		Release|Any CPU = Release|Any CPU
	EndGlobalSection
	GlobalSection(ProjectConfigurationPlatforms) = postSolution
		{D3A374E8-B247-48EB-BC65-FE2B59ACDDE7}.Debug|Any CPU.ActiveCfg = Debug|Any CPU
		{D3A374E8-B247-48EB-BC65-FE2B59ACDDE7}.Debug|Any CPU.Build.0 = Debug|Any CPU
		{D3A374E8-B247-48EB-BC65-FE2B59ACDDE7}.Release|Any CPU.ActiveCfg = Release|Any CPU
		{D3A374E8-B247-48EB-BC65-FE2B59ACDDE7}.Release|Any CPU.Build.0 = Release|Any CPU
		{9696BB36-6F34-46B9-AEC4-6E1D683A0189}.Debug|Any CPU.ActiveCfg = Debug|Any CPU
		{9696BB36-6F34-46B9-AEC4-6E1D683A0189}.Debug|Any CPU.Build.0 = Debug|Any CPU
		{9696BB36-6F34-46B9-AEC4-6E1D683A0189}.Release|Any CPU.ActiveCfg = Release|Any CPU
		{9696BB36-6F34-46B9-AEC4-6E1D683A0189}.Release|Any CPU.Build.0 = Release|Any CPU
		{DCEA3D3C-945A-4115-BBEC-36DF1CD1782B}.Debug|Any CPU.ActiveCfg = Debug|Any CPU
		{DCEA3D3C-945A-4115-BBEC-36DF1CD1782B}.Debug|Any CPU.Build.0 = Debug|Any CPU
		{DCEA3D3C-945A-4115-BBEC-36DF1CD1782B}.Release|Any CPU.ActiveCfg = Release|Any CPU
		{DCEA3D3C-945A-4115-BBEC-36DF1CD1782B}.Release|Any CPU.Build.0 = Release|Any CPU
		{DE01034B-0D5C-4CDB-9236-2614B26D2E31}.Debug|Any CPU.ActiveCfg = Debug|Any CPU
		{DE01034B-0D5C-4CDB-9236-2614B26D2E31}.Debug|Any CPU.Build.0 = Debug|Any CPU
		{DE01034B-0D5C-4CDB-9236-2614B26D2E31}.Release|Any CPU.ActiveCfg = Release|Any CPU
		{DE01034B-0D5C-4CDB-9236-2614B26D2E31}.Release|Any CPU.Build.0 = Release|Any CPU
		{29BA5275-251F-470C-A5BC-35DCDB6F0ACD}.Debug|Any CPU.ActiveCfg = Debug|Any CPU
		{29BA5275-251F-470C-A5BC-35DCDB6F0ACD}.Debug|Any CPU.Build.0 = Debug|Any CPU
		{29BA5275-251F-470C-A5BC-35DCDB6F0ACD}.Release|Any CPU.ActiveCfg = Release|Any CPU
		{29BA5275-251F-470C-A5BC-35DCDB6F0ACD}.Release|Any CPU.Build.0 = Release|Any CPU
		{9AC7EDC7-7A2F-4720-A9C3-1099EC51E346}.Debug|Any CPU.ActiveCfg = Debug|Any CPU
		{9AC7EDC7-7A2F-4720-A9C3-1099EC51E346}.Debug|Any CPU.Build.0 = Debug|Any CPU
		{9AC7EDC7-7A2F-4720-A9C3-1099EC51E346}.Release|Any CPU.ActiveCfg = Release|Any CPU
		{9AC7EDC7-7A2F-4720-A9C3-1099EC51E346}.Release|Any CPU.Build.0 = Release|Any CPU
		{AAB7C958-5B40-434A-8A9D-52178C18E243}.Debug|Any CPU.ActiveCfg = Debug|Any CPU
		{AAB7C958-5B40-434A-8A9D-52178C18E243}.Debug|Any CPU.Build.0 = Debug|Any CPU
		{AAB7C958-5B40-434A-8A9D-52178C18E243}.Release|Any CPU.ActiveCfg = Release|Any CPU
		{AAB7C958-5B40-434A-8A9D-52178C18E243}.Release|Any CPU.Build.0 = Release|Any CPU
		{FDB06D29-50EF-4C7C-93C1-67B164004DC6}.Debug|Any CPU.ActiveCfg = Debug|Any CPU
		{FDB06D29-50EF-4C7C-93C1-67B164004DC6}.Debug|Any CPU.Build.0 = Debug|Any CPU
		{FDB06D29-50EF-4C7C-93C1-67B164004DC6}.Release|Any CPU.ActiveCfg = Release|Any CPU
		{FDB06D29-50EF-4C7C-93C1-67B164004DC6}.Release|Any CPU.Build.0 = Release|Any CPU
	EndGlobalSection
	GlobalSection(SolutionProperties) = preSolution
		HideSolutionNode = FALSE
	EndGlobalSection
	GlobalSection(ExtensibilityGlobals) = postSolution
		SolutionGuid = {15DBD6FC-9838-4040-907B-703EADE18CD0}
	EndGlobalSection
EndGlobal
